
Microsoft Visual Studio Solution File, Format Version 11.00
# Visual Studio 2010
Project("{FAE04EC0-301F-11D3-BF4B-00C04F79EFBC}") = "Assembly-CSharp", "Assembly-CSharp.csproj", "{52579E03-CFB7-F8E7-A403-827FC1713A5E}"
EndProject
Project("{FAE04EC0-301F-11D3-BF4B-00C04F79EFBC}") = "Assembly-CSharp-firstpass", "Assembly-CSharp-firstpass.csproj", "{7DA863CC-7FB7-019F-7DFB-9FDA5BA5D4CF}"
EndProject
Project("{FAE04EC0-301F-11D3-BF4B-00C04F79EFBC}") = "Assembly-CSharp-Editor-firstpass", "Assembly-CSharp-Editor-firstpass.csproj", "{365950C7-EA37-887F-CA56-747FD7308F8A}"
EndProject
Global
	GlobalSection(SolutionConfigurationPlatforms) = preSolution
		Debug|Any CPU = Debug|Any CPU
		Release|Any CPU = Release|Any CPU
	EndGlobalSection
	GlobalSection(ProjectConfigurationPlatforms) = postSolution
		{52579E03-CFB7-F8E7-A403-827FC1713A5E}.Debug|Any CPU.ActiveCfg = Debug|Any CPU
		{52579E03-CFB7-F8E7-A403-827FC1713A5E}.Debug|Any CPU.Build.0 = Debug|Any CPU
		{52579E03-CFB7-F8E7-A403-827FC1713A5E}.Release|Any CPU.ActiveCfg = Release|Any CPU
		{52579E03-CFB7-F8E7-A403-827FC1713A5E}.Release|Any CPU.Build.0 = Release|Any CPU
		{7DA863CC-7FB7-019F-7DFB-9FDA5BA5D4CF}.Debug|Any CPU.ActiveCfg = Debug|Any CPU
		{7DA863CC-7FB7-019F-7DFB-9FDA5BA5D4CF}.Debug|Any CPU.Build.0 = Debug|Any CPU
		{7DA863CC-7FB7-019F-7DFB-9FDA5BA5D4CF}.Release|Any CPU.ActiveCfg = Release|Any CPU
		{7DA863CC-7FB7-019F-7DFB-9FDA5BA5D4CF}.Release|Any CPU.Build.0 = Release|Any CPU
		{365950C7-EA37-887F-CA56-747FD7308F8A}.Debug|Any CPU.ActiveCfg = Debug|Any CPU
		{365950C7-EA37-887F-CA56-747FD7308F8A}.Debug|Any CPU.Build.0 = Debug|Any CPU
		{365950C7-EA37-887F-CA56-747FD7308F8A}.Release|Any CPU.ActiveCfg = Release|Any CPU
		{365950C7-EA37-887F-CA56-747FD7308F8A}.Release|Any CPU.Build.0 = Release|Any CPU
	EndGlobalSection
	GlobalSection(SolutionProperties) = preSolution
		HideSolutionNode = FALSE
	EndGlobalSection
	GlobalSection(MonoDevelopProperties) = preSolution
		StartupItem = Assembly-CSharp.csproj
	EndGlobalSection
EndGlobal
